<?xml version="1.0" encoding="UTF-8" standalone="yes" ?>
<CodeBlocks_project_file>
	<FileVersion major="1" minor="6" />
	<Project>
		<Option title="SufoBot" />
		<Option pch_mode="0" />
		<Option compiler="gcc" />
		<Build>
			<Target title="Release">
				<Option output="bin/Release/SufoBot" prefix_auto="1" extension_auto="1" />
				<Option object_output="obj/Release/" />
				<Option type="0" />
				<Option compiler="gcc" />
				<Option projectLinkerOptionsRelation="2" />
				<Compiler>
					<Add option="-O2" />
				</Compiler>
				<Linker>
					<Add option="-s" />
					<Add library="X11" />
				</Linker>
			</Target>
		</Build>
		<Compiler>
			<Add option="`wx-config --cflags`" />
			<Add option="-Winvalid-pch" />
			<Add option="-include wx_pch.h" />
			<Add option="-DWX_PRECOMP" />
			<Add option='[[if (GetCompilerFactory().GetCompilerVersionString(_T(&quot;gcc&quot;)) &gt;= _T(&quot;4.8.0&quot;)) print(_T(&quot;-Wno-unused-local-typedefs&quot;));]]' />
			<Add option="-Wall" />
		</Compiler>
		<Linker>
			<Add option="`wx-config --libs`" />
		</Linker>
		<Unit filename="SufoBotApp.cpp" />
		<Unit filename="SufoBotApp.h" />
		<Unit filename="SufoBotMain.cpp" />
		<Unit filename="SufoBotMain.h" />
		<Unit filename="bot.cpp" />
		<Unit filename="bot.h" />
		<Unit filename="functions.cpp" />
		<Unit filename="functions.h" />
		<Unit filename="globalOrCommon.h" />
		<Unit filename="threads.cpp" />
		<Unit filename="threads.h" />
		<Unit filename="wx_pch.h">
			<Option compile="1" />
			<Option weight="0" />
		</Unit>
		<Unit filename="wxsmith/SufoBotframe.wxs" />
		<Extensions>
			<code_completion />
			<envvars />
			<wxsmith version="1">
				<gui name="wxWidgets" src="SufoBotApp.cpp" main="SufoBotFrame" init_handlers="necessary" language="CPP" />
				<resources>
					<wxFrame wxs="wxsmith/SufoBotframe.wxs" src="SufoBotMain.cpp" hdr="SufoBotMain.h" fwddecl="0" i18n="1" name="SufoBotFrame" language="CPP" />
				</resources>
			</wxsmith>
			<debugger />
			<lib_finder disable_auto="1" />
		</Extensions>
	</Project>
</CodeBlocks_project_file>
